
Microsoft Visual Studio Solution File, Format Version 12.00
# Visual Studio Version 17
VisualStudioVersion = 17.3.32804.467
MinimumVisualStudioVersion = 10.0.40219.1
Project("{FAE04EC0-301F-11D3-BF4B-00C04F79EFBC}") = "AsteMuunnin", "AsteMuunnin\AsteMuunnin.csproj", "{E2809897-F2C3-42A8-B743-238CDE506F24}"
EndProject
Global
	GlobalSection(SolutionConfigurationPlatforms) = preSolution
		Debug|Any CPU = Debug|Any CPU
		Release|Any CPU = Release|Any CPU
	EndGlobalSection
	GlobalSection(ProjectConfigurationPlatforms) = postSolution
		{E2809897-F2C3-42A8-B743-238CDE506F24}.Debug|Any CPU.ActiveCfg = Debug|Any CPU
		{E2809897-F2C3-42A8-B743-238CDE506F24}.Debug|Any CPU.Build.0 = Debug|Any CPU
		{E2809897-F2C3-42A8-B743-238CDE506F24}.Release|Any CPU.ActiveCfg = Release|Any CPU
		{E2809897-F2C3-42A8-B743-238CDE506F24}.Release|Any CPU.Build.0 = Release|Any CPU
	EndGlobalSection
	GlobalSection(SolutionProperties) = preSolution
		HideSolutionNode = FALSE
	EndGlobalSection
	GlobalSection(ExtensibilityGlobals) = postSolution
		SolutionGuid = {F64E78A4-4662-4E6A-9D76-B32048C67EE9}
	EndGlobalSection
EndGlobal
